
Microsoft Visual Studio Solution File, Format Version 12.00
# Visual Studio Version 16
VisualStudioVersion = 16.0.29728.190
MinimumVisualStudioVersion = 10.0.40219.1
Project("{FAE04EC0-301F-11D3-BF4B-00C04F79EFBC}") = "MyScriptureJournal", "MyScriptureJournal.csproj", "{8FDE9F63-2DDA-42C0-95A2-98E690446545}"
EndProject
Global
	GlobalSection(SolutionConfigurationPlatforms) = preSolution
		Debug|Any CPU = Debug|Any CPU
		Release|Any CPU = Release|Any CPU
	EndGlobalSection
	GlobalSection(ProjectConfigurationPlatforms) = postSolution
		{8FDE9F63-2DDA-42C0-95A2-98E690446545}.Debug|Any CPU.ActiveCfg = Debug|Any CPU
		{8FDE9F63-2DDA-42C0-95A2-98E690446545}.Debug|Any CPU.Build.0 = Debug|Any CPU
		{8FDE9F63-2DDA-42C0-95A2-98E690446545}.Release|Any CPU.ActiveCfg = Release|Any CPU
		{8FDE9F63-2DDA-42C0-95A2-98E690446545}.Release|Any CPU.Build.0 = Release|Any CPU
	EndGlobalSection
	GlobalSection(SolutionProperties) = preSolution
		HideSolutionNode = FALSE
	EndGlobalSection
	GlobalSection(ExtensibilityGlobals) = postSolution
		SolutionGuid = {024EFFA8-42BE-467C-ADA1-4ACE1C28C7EA}
	EndGlobalSection
EndGlobal
